
Microsoft Visual Studio Solution File, Format Version 12.00
# Visual Studio Version 17
VisualStudioVersion = 17.10.35013.160
MinimumVisualStudioVersion = 10.0.40219.1
Project("{8BC9CEB8-8B4A-11D0-8D11-00A0C91BC942}") = "Dismantle", "Dismantle\Dismantle.vcxproj", "{5F0E791B-3294-4295-8CDE-CBFA05418447}"
EndProject
Project("{8BC9CEB8-8B4A-11D0-8D11-00A0C91BC942}") = "Voidmaw", "Voidmaw\Voidmaw.vcxproj", "{832442A9-6EF4-4380-B95C-A9A6614F5C56}"
EndProject
Global
	GlobalSection(SolutionConfigurationPlatforms) = preSolution
		Debug|x64 = Debug|x64
		Debug|x86 = Debug|x86
		Release|x64 = Release|x64
		Release|x86 = Release|x86
	EndGlobalSection
	GlobalSection(ProjectConfigurationPlatforms) = postSolution
		{5F0E791B-3294-4295-8CDE-CBFA05418447}.Debug|x64.ActiveCfg = Debug|x64
		{5F0E791B-3294-4295-8CDE-CBFA05418447}.Debug|x64.Build.0 = Debug|x64
		{5F0E791B-3294-4295-8CDE-CBFA05418447}.Debug|x86.ActiveCfg = Debug|Win32
		{5F0E791B-3294-4295-8CDE-CBFA05418447}.Debug|x86.Build.0 = Debug|Win32
		{5F0E791B-3294-4295-8CDE-CBFA05418447}.Release|x64.ActiveCfg = Release|x64
		{5F0E791B-3294-4295-8CDE-CBFA05418447}.Release|x64.Build.0 = Release|x64
		{5F0E791B-3294-4295-8CDE-CBFA05418447}.Release|x86.ActiveCfg = Release|Win32
		{5F0E791B-3294-4295-8CDE-CBFA05418447}.Release|x86.Build.0 = Release|Win32
		{832442A9-6EF4-4380-B95C-A9A6614F5C56}.Debug|x64.ActiveCfg = Debug|x64
		{832442A9-6EF4-4380-B95C-A9A6614F5C56}.Debug|x64.Build.0 = Debug|x64
		{832442A9-6EF4-4380-B95C-A9A6614F5C56}.Debug|x86.ActiveCfg = Debug|Win32
		{832442A9-6EF4-4380-B95C-A9A6614F5C56}.Debug|x86.Build.0 = Debug|Win32
		{832442A9-6EF4-4380-B95C-A9A6614F5C56}.Release|x64.ActiveCfg = Release|x64
		{832442A9-6EF4-4380-B95C-A9A6614F5C56}.Release|x64.Build.0 = Release|x64
		{832442A9-6EF4-4380-B95C-A9A6614F5C56}.Release|x86.ActiveCfg = Release|Win32
		{832442A9-6EF4-4380-B95C-A9A6614F5C56}.Release|x86.Build.0 = Release|Win32
	EndGlobalSection
	GlobalSection(SolutionProperties) = preSolution
		HideSolutionNode = FALSE
	EndGlobalSection
	GlobalSection(ExtensibilityGlobals) = postSolution
		SolutionGuid = {75945640-BC4E-40EC-BAFE-864E515468A0}
	EndGlobalSection
EndGlobal
